
Microsoft Visual Studio Solution File, Format Version 12.00
# Visual Studio Version 17
VisualStudioVersion = 17.8.34316.72
MinimumVisualStudioVersion = 10.0.40219.1
Project("{FAE04EC0-301F-11D3-BF4B-00C04F79EFBC}") = "WindowsFormsApp8", "WindowsFormsApp8.csproj", "{9695DE3D-27B3-4E0B-820B-1260CA0DD51F}"
EndProject
Global
	GlobalSection(SolutionConfigurationPlatforms) = preSolution
		Debug|Any CPU = Debug|Any CPU
		Release|Any CPU = Release|Any CPU
	EndGlobalSection
	GlobalSection(ProjectConfigurationPlatforms) = postSolution
		{9695DE3D-27B3-4E0B-820B-1260CA0DD51F}.Debug|Any CPU.ActiveCfg = Debug|Any CPU
		{9695DE3D-27B3-4E0B-820B-1260CA0DD51F}.Debug|Any CPU.Build.0 = Debug|Any CPU
		{9695DE3D-27B3-4E0B-820B-1260CA0DD51F}.Release|Any CPU.ActiveCfg = Release|Any CPU
		{9695DE3D-27B3-4E0B-820B-1260CA0DD51F}.Release|Any CPU.Build.0 = Release|Any CPU
	EndGlobalSection
	GlobalSection(SolutionProperties) = preSolution
		HideSolutionNode = FALSE
	EndGlobalSection
	GlobalSection(ExtensibilityGlobals) = postSolution
		SolutionGuid = {D26594A2-3D05-4F24-9771-FB4650A9EE2D}
	EndGlobalSection
EndGlobal
